
Microsoft Visual Studio Solution File, Format Version 12.00
# Visual Studio 2015
Project("{FAE04EC0-301F-11D3-BF4B-00C04F79EFBC}") = "Sheep_Shooter", "Sheep_Shooter.csproj", "{28AE37D6-75EE-34A7-6DDC-C2A180A8B568}"
EndProject
Project("{FAE04EC0-301F-11D3-BF4B-00C04F79EFBC}") = "Sheep_Shooter.Editor", "Sheep_Shooter.Editor.csproj", "{18A1F2F6-340B-AD76-36BE-AE2E94A54EAD}"
EndProject
Global
	GlobalSection(SolutionConfigurationPlatforms) = preSolution
		Debug|Any CPU = Debug|Any CPU
		Release|Any CPU = Release|Any CPU
	EndGlobalSection
	GlobalSection(ProjectConfigurationPlatforms) = postSolution
		{28AE37D6-75EE-34A7-6DDC-C2A180A8B568}.Debug|Any CPU.ActiveCfg = Debug|Any CPU
		{28AE37D6-75EE-34A7-6DDC-C2A180A8B568}.Debug|Any CPU.Build.0 = Debug|Any CPU
		{28AE37D6-75EE-34A7-6DDC-C2A180A8B568}.Release|Any CPU.ActiveCfg = Release|Any CPU
		{28AE37D6-75EE-34A7-6DDC-C2A180A8B568}.Release|Any CPU.Build.0 = Release|Any CPU
		{18A1F2F6-340B-AD76-36BE-AE2E94A54EAD}.Debug|Any CPU.ActiveCfg = Debug|Any CPU
		{18A1F2F6-340B-AD76-36BE-AE2E94A54EAD}.Debug|Any CPU.Build.0 = Debug|Any CPU
		{18A1F2F6-340B-AD76-36BE-AE2E94A54EAD}.Release|Any CPU.ActiveCfg = Release|Any CPU
		{18A1F2F6-340B-AD76-36BE-AE2E94A54EAD}.Release|Any CPU.Build.0 = Release|Any CPU
	EndGlobalSection
	GlobalSection(SolutionProperties) = preSolution
		HideSolutionNode = FALSE
	EndGlobalSection
EndGlobal
